// !$*UTF8*$!
{
	archiveVersion = 1;
	classes = {
	};
	objectVersion = 46;
	objects = {

/* Begin PBXBuildFile section */
		C885C0FB1AA2C5A400BD22DF /* AppDelegate.swift in Sources */ = {isa = PBXBuildFile; fileRef = C885C0FA1AA2C5A400BD22DF /* AppDelegate.swift */; };
		C885C0FD1AA2C5A400BD22DF /* RecordSoundsViewController.swift in Sources */ = {isa = PBXBuildFile; fileRef = C885C0FC1AA2C5A400BD22DF /* RecordSoundsViewController.swift */; };
		C885C1001AA2C5A400BD22DF /* Main.storyboard in Resources */ = {isa = PBXBuildFile; fileRef = C885C0FE1AA2C5A400BD22DF /* Main.storyboard */; };
		C885C1021AA2C5A400BD22DF /* Images.xcassets in Resources */ = {isa = PBXBuildFile; fileRef = C885C1011AA2C5A400BD22DF /* Images.xcassets */; };
		C885C1051AA2C5A400BD22DF /* LaunchScreen.xib in Resources */ = {isa = PBXBuildFile; fileRef = C885C1031AA2C5A400BD22DF /* LaunchScreen.xib */; };
		C885C1111AA2C5A400BD22DF /* Pitch_PerfectTests.swift in Sources */ = {isa = PBXBuildFile; fileRef = C885C1101AA2C5A400BD22DF /* Pitch_PerfectTests.swift */; };
		C885C11D1AA78E7B00BD22DF /* PlaySoundsViewController.swift in Sources */ = {isa = PBXBuildFile; fileRef = C885C11C1AA78E7B00BD22DF /* PlaySoundsViewController.swift */; };
		C885C1211AA8C3BD00BD22DF /* RecordedAudio.swift in Sources */ = {isa = PBXBuildFile; fileRef = C885C1201AA8C3BD00BD22DF /* RecordedAudio.swift */; };
/* End PBXBuildFile section */

/* Begin PBXContainerItemProxy section */
		C885C10B1AA2C5A400BD22DF /* PBXContainerItemProxy */ = {
			isa = PBXContainerItemProxy;
			containerPortal = C885C0ED1AA2C5A400BD22DF /* Project object */;
			proxyType = 1;
			remoteGlobalIDString = C885C0F41AA2C5A400BD22DF;
			remoteInfo = "Pitch Perfect";
		};
/* End PBXContainerItemProxy section */

/* Begin PBXFileReference section */
		C885C0F51AA2C5A400BD22DF /* Pitch Perfect.app */ = {isa = PBXFileReference; explicitFileType = wrapper.application; includeInIndex = 0; path = "Pitch Perfect.app"; sourceTree = BUILT_PRODUCTS_DIR; };
		C885C0F91AA2C5A400BD22DF /* Info.plist */ = {isa = PBXFileReference; lastKnownFileType = text.plist.xml; path = Info.plist; sourceTree = "<group>"; };
		C885C0FA1AA2C5A400BD22DF /* AppDelegate.swift */ = {isa = PBXFileReference; lastKnownFileType = sourcecode.swift; path = AppDelegate.swift; sourceTree = "<group>"; };
		C885C0FC1AA2C5A400BD22DF /* RecordSoundsViewController.swift */ = {isa = PBXFileReference; lastKnownFileType = sourcecode.swift; path = RecordSoundsViewController.swift; sourceTree = "<group>"; };
		C885C0FF1AA2C5A400BD22DF /* Base */ = {isa = PBXFileReference; lastKnownFileType = file.storyboard; name = Base; path = Base.lproj/Main.storyboard; sourceTree = "<group>"; };
		C885C1011AA2C5A400BD22DF /* Images.xcassets */ = {isa = PBXFileReference; lastKnownFileType = folder.assetcatalog; path = Images.xcassets; sourceTree = "<group>"; };
		C885C1041AA2C5A400BD22DF /* Base */ = {isa = PBXFileReference; lastKnownFileType = file.xib; name = Base; path = Base.lproj/LaunchScreen.xib; sourceTree = "<group>"; };
		C885C10A1AA2C5A400BD22DF /* Pitch PerfectTests.xctest */ = {isa = PBXFileReference; explicitFileType = wrapper.cfbundle; includeInIndex = 0; path = "Pitch PerfectTests.xctest"; sourceTree = BUILT_PRODUCTS_DIR; };
		C885C10F1AA2C5A400BD22DF /* Info.plist */ = {isa = PBXFileReference; lastKnownFileType = text.plist.xml; path = Info.plist; sourceTree = "<group>"; };
		C885C1101AA2C5A400BD22DF /* Pitch_PerfectTests.swift */ = {isa = PBXFileReference; lastKnownFileType = sourcecode.swift; path = Pitch_PerfectTests.swift; sourceTree = "<group>"; };
		C885C11C1AA78E7B00BD22DF /* PlaySoundsViewController.swift */ = {isa = PBXFileReference; fileEncoding = 4; lastKnownFileType = sourcecode.swift; name = PlaySoundsViewController.swift; path = ../PlaySoundsViewController.swift; sourceTree = "<group>"; };
		C885C1201AA8C3BD00BD22DF /* RecordedAudio.swift */ = {isa = PBXFileReference; fileEncoding = 4; lastKnownFileType = sourcecode.swift; path = RecordedAudio.swift; sourceTree = "<group>"; };
/* End PBXFileReference section */

/* Begin PBXFrameworksBuildPhase section */
		C885C0F21AA2C5A400BD22DF /* Frameworks */ = {
			isa = PBXFrameworksBuildPhase;
			buildActionMask = 2147483647;
			files = (
			);
			runOnlyForDeploymentPostprocessing = 0;
		};
		C885C1071AA2C5A400BD22DF /* Frameworks */ = {
			isa = PBXFrameworksBuildPhase;
			buildActionMask = 2147483647;
			files = (
			);
			runOnlyForDeploymentPostprocessing = 0;
		};
/* End PBXFrameworksBuildPhase section */

/* Begin PBXGroup section */
		C885C0EC1AA2C5A400BD22DF = {
			isa = PBXGroup;
			children = (
				C885C0F71AA2C5A400BD22DF /* Pitch Perfect */,
				C885C10D1AA2C5A400BD22DF /* Pitch PerfectTests */,
				C885C0F61AA2C5A400BD22DF /* Products */,
			);
			sourceTree = "<group>";
		};
		C885C0F61AA2C5A400BD22DF /* Products */ = {
			isa = PBXGroup;
			children = (
				C885C0F51AA2C5A400BD22DF /* Pitch Perfect.app */,
				C885C10A1AA2C5A400BD22DF /* Pitch PerfectTests.xctest */,
			);
			name = Products;
			sourceTree = "<group>";
		};
		C885C0F71AA2C5A400BD22DF /* Pitch Perfect */ = {
			isa = PBXGroup;
			children = (
				C885C0FA1AA2C5A400BD22DF /* AppDelegate.swift */,
				C885C11C1AA78E7B00BD22DF /* PlaySoundsViewController.swift */,
				C885C0FC1AA2C5A400BD22DF /* RecordSoundsViewController.swift */,
				C885C1201AA8C3BD00BD22DF /* RecordedAudio.swift */,
				C885C0FE1AA2C5A400BD22DF /* Main.storyboard */,
				C885C1011AA2C5A400BD22DF /* Images.xcassets */,
				C885C1031AA2C5A400BD22DF /* LaunchScreen.xib */,
				C885C0F81AA2C5A400BD22DF /* Supporting Files */,
			);
			path = "Pitch Perfect";
			sourceTree = "<group>";
		};
		C885C0F81AA2C5A400BD22DF /* Supporting Files */ = {
			isa = PBXGroup;
			children = (
				C885C0F91AA2C5A400BD22DF /* Info.plist */,
			);
			name = "Supporting Files";
			sourceTree = "<group>";
		};
		C885C10D1AA2C5A400BD22DF /* Pitch PerfectTests */ = {
			isa = PBXGroup;
			children = (
				C885C1101AA2C5A400BD22DF /* Pitch_PerfectTests.swift */,
				C885C10E1AA2C5A400BD22DF /* Supporting Files */,
			);
			path = "Pitch PerfectTests";
			sourceTree = "<group>";
		};
		C885C10E1AA2C5A400BD22DF /* Supporting Files */ = {
			isa = PBXGroup;
			children = (
				C885C10F1AA2C5A400BD22DF /* Info.plist */,
			);
			name = "Supporting Files";
			sourceTree = "<group>";
		};
/* End PBXGroup section */

/* Begin PBXNativeTarget section */
		C885C0F41AA2C5A400BD22DF /* Pitch Perfect */ = {
			isa = PBXNativeTarget;
			buildConfigurationList = C885C1141AA2C5A400BD22DF /* Build configuration list for PBXNativeTarget "Pitch Perfect" */;
			buildPhases = (
				C885C0F11AA2C5A400BD22DF /* Sources */,
				C885C0F21AA2C5A400BD22DF /* Frameworks */,
				C885C0F31AA2C5A400BD22DF /* Resources */,
			);
			buildRules = (
			);
			dependencies = (
			);
			name = "Pitch Perfect";
			productName = "Pitch Perfect";
			productReference = C885C0F51AA2C5A400BD22DF /* Pitch Perfect.app */;
			productType = "com.apple.product-type.application";
		};
		C885C1091AA2C5A400BD22DF /* Pitch PerfectTests */ = {
			isa = PBXNativeTarget;
			buildConfigurationList = C885C1171AA2C5A400BD22DF /* Build configuration list for PBXNativeTarget "Pitch PerfectTests" */;
			buildPhases = (
				C885C1061AA2C5A400BD22DF /* Sources */,
				C885C1071AA2C5A400BD22DF /* Frameworks */,
				C885C1081AA2C5A400BD22DF /* Resources */,
			);
			buildRules = (
			);
			dependencies = (
				C885C10C1AA2C5A400BD22DF /* PBXTargetDependency */,
			);
			name = "Pitch PerfectTests";
			productName = "Pitch PerfectTests";
			productReference = C885C10A1AA2C5A400BD22DF /* Pitch PerfectTests.xctest */;
			productType = "com.apple.product-type.bundle.unit-test";
		};
/* End PBXNativeTarget section */

/* Begin PBXProject section */
		C885C0ED1AA2C5A400BD22DF /* Project object */ = {
			isa = PBXProject;
			attributes = {
				LastUpgradeCheck = 0610;
				ORGANIZATIONNAME = "Austen Johnson";
				TargetAttributes = {
					C885C0F41AA2C5A400BD22DF = {
						CreatedOnToolsVersion = 6.1.1;
					};
					C885C1091AA2C5A400BD22DF = {
						CreatedOnToolsVersion = 6.1.1;
						TestTargetID = C885C0F41AA2C5A400BD22DF;
					};
				};
			};
			buildConfigurationList = C885C0F01AA2C5A400BD22DF /* Build configuration list for PBXProject "Pitch Perfect" */;
			compatibilityVersion = "Xcode 3.2";
			developmentRegion = English;
			hasScannedForEncodings = 0;
			knownRegions = (
				en,
				Base,
			);
			mainGroup = C885C0EC1AA2C5A400BD22DF;
			productRefGroup = C885C0F61AA2C5A400BD22DF /* Products */;
			projectDirPath = "";
			projectRoot = "";
			targets = (
				C885C0F41AA2C5A400BD22DF /* Pitch Perfect */,
				C885C1091AA2C5A400BD22DF /* Pitch PerfectTests */,
			);
		};
/* End PBXProject section */

/* Begin PBXResourcesBuildPhase section */
		C885C0F31AA2C5A400BD22DF /* Resources */ = {
			isa = PBXResourcesBuildPhase;
			buildActionMask = 2147483647;
			files = (
				C885C1001AA2C5A400BD22DF /* Main.storyboard in Resources */,
				C885C1051AA2C5A400BD22DF /* LaunchScreen.xib in Resources */,
				C885C1021AA2C5A400BD22DF /* Images.xcassets in Resources */,
			);
			runOnlyForDeploymentPostprocessing = 0;
		};
		C885C1081AA2C5A400BD22DF /* Resources */ = {
			isa = PBXResourcesBuildPhase;
			buildActionMask = 2147483647;
			files = (
			);
			runOnlyForDeploymentPostprocessing = 0;
		};
/* End PBXResourcesBuildPhase section */

/* Begin PBXSourcesBuildPhase section */
		C885C0F11AA2C5A400BD22DF /* Sources */ = {
			isa = PBXSourcesBuildPhase;
			buildActionMask = 2147483647;
			files = (
				C885C1211AA8C3BD00BD22DF /* RecordedAudio.swift in Sources */,
				C885C0FD1AA2C5A400BD22DF /* RecordSoundsViewController.swift in Sources */,
				C885C11D1AA78E7B00BD22DF /* PlaySoundsViewController.swift in Sources */,
				C885C0FB1AA2C5A400BD22DF /* AppDelegate.swift in Sources */,
			);
			runOnlyForDeploymentPostprocessing = 0;
		};
		C885C1061AA2C5A400BD22DF /* Sources */ = {
			isa = PBXSourcesBuildPhase;
			buildActionMask = 2147483647;
			files = (
				C885C1111AA2C5A400BD22DF /* Pitch_PerfectTests.swift in Sources */,
			);
			runOnlyForDeploymentPostprocessing = 0;
		};
/* End PBXSourcesBuildPhase section */

/* Begin PBXTargetDependency section */
		C885C10C1AA2C5A400BD22DF /* PBXTargetDependency */ = {
			isa = PBXTargetDependency;
			target = C885C0F41AA2C5A400BD22DF /* Pitch Perfect */;
			targetProxy = C885C10B1AA2C5A400BD22DF /* PBXContainerItemProxy */;
		};
/* End PBXTargetDependency section */

/* Begin PBXVariantGroup section */
		C885C0FE1AA2C5A400BD22DF /* Main.storyboard */ = {
			isa = PBXVariantGroup;
			children = (
				C885C0FF1AA2C5A400BD22DF /* Base */,
			);
			name = Main.storyboard;
			sourceTree = "<group>";
		};
		C885C1031AA2C5A400BD22DF /* LaunchScreen.xib */ = {
			isa = PBXVariantGroup;
			children = (
				C885C1041AA2C5A400BD22DF /* Base */,
			);
			name = LaunchScreen.xib;
			sourceTree = "<group>";
		};
/* End PBXVariantGroup section */

/* Begin XCBuildConfiguration section */
		C885C1121AA2C5A400BD22DF /* Debug */ = {
			isa = XCBuildConfiguration;
			buildSettings = {
				ALWAYS_SEARCH_USER_PATHS = NO;
				CLANG_CXX_LANGUAGE_STANDARD = "gnu++0x";
				CLANG_CXX_LIBRARY = "libc++";
				CLANG_ENABLE_MODULES = YES;
				CLANG_ENABLE_OBJC_ARC = YES;
				CLANG_WARN_BOOL_CONVERSION = YES;
				CLANG_WARN_CONSTANT_CONVERSION = YES;
				CLANG_WARN_DIRECT_OBJC_ISA_USAGE = YES_ERROR;
				CLANG_WARN_EMPTY_BODY = YES;
				CLANG_WARN_ENUM_CONVERSION = YES;
				CLANG_WARN_INT_CONVERSION = YES;
				CLANG_WARN_OBJC_ROOT_CLASS = YES_ERROR;
				CLANG_WARN_UNREACHABLE_CODE = YES;
				CLANG_WARN__DUPLICATE_METHOD_MATCH = YES;
				"CODE_SIGN_IDENTITY[sdk=iphoneos*]" = "iPhone Developer";
				COPY_PHASE_STRIP = NO;
				ENABLE_STRICT_OBJC_MSGSEND = YES;
				GCC_C_LANGUAGE_STANDARD = gnu99;
				GCC_DYNAMIC_NO_PIC = NO;
				GCC_OPTIMIZATION_LEVEL = 0;
				GCC_PREPROCESSOR_DEFINITIONS = (
					"DEBUG=1",
					"$(inherited)",
				);
				GCC_SYMBOLS_PRIVATE_EXTERN = NO;
				GCC_WARN_64_TO_32_BIT_CONVERSION = YES;
				GCC_WARN_ABOUT_RETURN_TYPE = YES_ERROR;
				GCC_WARN_UNDECLARED_SELECTOR = YES;
				GCC_WARN_UNINITIALIZED_AUTOS = YES_AGGRESSIVE;
				GCC_WARN_UNUSED_FUNCTION = YES;
				GCC_WARN_UNUSED_VARIABLE = YES;
				IPHONEOS_DEPLOYMENT_TARGET = 8.1;
				MTL_ENABLE_DEBUG_INFO = YES;
				ONLY_ACTIVE_ARCH = YES;
				SDKROOT = iphoneos;
				SWIFT_OPTIMIZATION_LEVEL = "-Onone";
			};
			name = Debug;
		};
		C885C1131AA2C5A400BD22DF /* Release */ = {
			isa = XCBuildConfiguration;
			buildSettings = {
				ALWAYS_SEARCH_USER_PATHS = NO;
				CLANG_CXX_LANGUAGE_STANDARD = "gnu++0x";
				CLANG_CXX_LIBRARY = "libc++";
				CLANG_ENABLE_MODULES = YES;
				CLANG_ENABLE_OBJC_ARC = YES;
				CLANG_WARN_BOOL_CONVERSION = YES;
				CLANG_WARN_CONSTANT_CONVERSION = YES;
				CLANG_WARN_DIRECT_OBJC_ISA_USAGE = YES_ERROR;
				CLANG_WARN_EMPTY_BODY = YES;
				CLANG_WARN_ENUM_CONVERSION = YES;
				CLANG_WARN_INT_CONVERSION = YES;
				CLANG_WARN_OBJC_ROOT_CLASS = YES_ERROR;
				CLANG_WARN_UNREACHABLE_CODE = YES;
				CLANG_WARN__DUPLICATE_METHOD_MATCH = YES;
				"CODE_SIGN_IDENTITY[sdk=iphoneos*]" = "iPhone Developer";
				COPY_PHASE_STRIP = YES;
				ENABLE_NS_ASSERTIONS = NO;
				ENABLE_STRICT_OBJC_MSGSEND = YES;
				GCC_C_LANGUAGE_STANDARD = gnu99;
				GCC_WARN_64_TO_32_BIT_CONVERSION = YES;
				GCC_WARN_ABOUT_RETURN_TYPE = YES_ERROR;
				GCC_WARN_UNDECLARED_SELECTOR = YES;
				GCC_WARN_UNINITIALIZED_AUTOS = YES_AGGRESSIVE;
				GCC_WARN_UNUSED_FUNCTION = YES;
				GCC_WARN_UNUSED_VARIABLE = YES;
				IPHONEOS_DEPLOYMENT_TARGET = 8.1;
				MTL_ENABLE_DEBUG_INFO = NO;
				SDKROOT = iphoneos;
				VALIDATE_PRODUCT = YES;
			};
			name = Release;
		};
		C885C1151AA2C5A400BD22DF /* Debug */ = {
			isa = XCBuildConfiguration;
			buildSettings = {
				ASSETCATALOG_COMPILER_APPICON_NAME = AppIcon;
				INFOPLIST_FILE = "Pitch Perfect/Info.plist";
				LD_RUNPATH_SEARCH_PATHS = "$(inherited) @executable_path/Frameworks";
				PRODUCT_NAME = "$(TARGET_NAME)";
			};
			name = Debug;
		};
		C885C1161AA2C5A400BD22DF /* Release */ = {
			isa = XCBuildConfiguration;
			buildSettings = {
				ASSETCATALOG_COMPILER_APPICON_NAME = AppIcon;
				INFOPLIST_FILE = "Pitch Perfect/Info.plist";
				LD_RUNPATH_SEARCH_PATHS = "$(inherited) @executable_path/Frameworks";
				PRODUCT_NAME = "$(TARGET_NAME)";
			};
			name = Release;
		};
		C885C1181AA2C5A400BD22DF /* Debug */ = {
			isa = XCBuildConfiguration;
			buildSettings = {
				BUNDLE_LOADER = "$(TEST_HOST)";
				FRAMEWORK_SEARCH_PATHS = (
					"$(SDKROOT)/Developer/Library/Frameworks",
					"$(inherited)",
				);
				GCC_PREPROCESSOR_DEFINITIONS = (
					"DEBUG=1",
					"$(inherited)",
				);
				INFOPLIST_FILE = "Pitch PerfectTests/Info.plist";
				LD_RUNPATH_SEARCH_PATHS = "$(inherited) @executable_path/Frameworks @loader_path/Frameworks";
				PRODUCT_NAME = "$(TARGET_NAME)";
				TEST_HOST = "$(BUILT_PRODUCTS_DIR)/Pitch Perfect.app/Pitch Perfect";
			};
			name = Debug;
		};
		C885C1191AA2C5A400BD22DF /* Release */ = {
			isa = XCBuildConfiguration;
			buildSettings = {
				BUNDLE_LOADER = "$(TEST_HOST)";
				FRAMEWORK_SEARCH_PATHS = (
					"$(SDKROOT)/Developer/Library/Frameworks",
					"$(inherited)",
				);
				INFOPLIST_FILE = "Pitch PerfectTests/Info.plist";
				LD_RUNPATH_SEARCH_PATHS = "$(inherited) @executable_path/Frameworks @loader_path/Frameworks";
				PRODUCT_NAME = "$(TARGET_NAME)";
				TEST_HOST = "$(BUILT_PRODUCTS_DIR)/Pitch Perfect.app/Pitch Perfect";
			};
			name = Release;
		};
/* End XCBuildConfiguration section */

/* Begin XCConfigurationList section */
		C885C0F01AA2C5A400BD22DF /* Build configuration list for PBXProject "Pitch Perfect" */ = {
			isa = XCConfigurationList;
			buildConfigurations = (
				C885C1121AA2C5A400BD22DF /* Debug */,
				C885C1131AA2C5A400BD22DF /* Release */,
			);
			defaultConfigurationIsVisible = 0;
			defaultConfigurationName = Release;
		};
		C885C1141AA2C5A400BD22DF /* Build configuration list for PBXNativeTarget "Pitch Perfect" */ = {
			isa = XCConfigurationList;
			buildConfigurations = (
				C885C1151AA2C5A400BD22DF /* Debug */,
				C885C1161AA2C5A400BD22DF /* Release */,
			);
			defaultConfigurationIsVisible = 0;
		};
		C885C1171AA2C5A400BD22DF /* Build configuration list for PBXNativeTarget "Pitch PerfectTests" */ = {
			isa = XCConfigurationList;
			buildConfigurations = (
				C885C1181AA2C5A400BD22DF /* Debug */,
				C885C1191AA2C5A400BD22DF /* Release */,
			);
			defaultConfigurationIsVisible = 0;
		};
/* End XCConfigurationList section */
	};
	rootObject = C885C0ED1AA2C5A400BD22DF /* Project object */;
}
